
Microsoft Visual Studio Solution File, Format Version 12.00
# Visual Studio 15
VisualStudioVersion = 15.0.28307.1082
MinimumVisualStudioVersion = 10.0.40219.1
Project("{8BC9CEB8-8B4A-11D0-8D11-00A0C91BC942}") = "LANCall", "LANCall\LANCall.vcxproj", "{AAC9C767-0C2E-4EDE-A8F3-0B1F8EFF0144}"
EndProject
Global
	GlobalSection(SolutionConfigurationPlatforms) = preSolution
		Debug|x64 = Debug|x64
		Debug|x86 = Debug|x86
		Release|x64 = Release|x64
		Release|x86 = Release|x86
	EndGlobalSection
	GlobalSection(ProjectConfigurationPlatforms) = postSolution
		{AAC9C767-0C2E-4EDE-A8F3-0B1F8EFF0144}.Debug|x64.ActiveCfg = Debug|x64
		{AAC9C767-0C2E-4EDE-A8F3-0B1F8EFF0144}.Debug|x64.Build.0 = Debug|x64
		{AAC9C767-0C2E-4EDE-A8F3-0B1F8EFF0144}.Debug|x86.ActiveCfg = Debug|Win32
		{AAC9C767-0C2E-4EDE-A8F3-0B1F8EFF0144}.Debug|x86.Build.0 = Debug|Win32
		{AAC9C767-0C2E-4EDE-A8F3-0B1F8EFF0144}.Release|x64.ActiveCfg = Release|x64
		{AAC9C767-0C2E-4EDE-A8F3-0B1F8EFF0144}.Release|x64.Build.0 = Release|x64
		{AAC9C767-0C2E-4EDE-A8F3-0B1F8EFF0144}.Release|x86.ActiveCfg = Release|Win32
		{AAC9C767-0C2E-4EDE-A8F3-0B1F8EFF0144}.Release|x86.Build.0 = Release|Win32
	EndGlobalSection
	GlobalSection(SolutionProperties) = preSolution
		HideSolutionNode = FALSE
	EndGlobalSection
	GlobalSection(ExtensibilityGlobals) = postSolution
		SolutionGuid = {02095F08-E2F6-4870-A9BF-E693A4F5E5C0}
	EndGlobalSection
EndGlobal
